
Microsoft Visual Studio Solution File, Format Version 12.00
# Visual Studio Version 17
VisualStudioVersion = 17.7.34202.233
MinimumVisualStudioVersion = 10.0.40219.1
Project("{FAE04EC0-301F-11D3-BF4B-00C04F79EFBC}") = "SimpleWebApi", "SimpleWebApi\SimpleWebApi.csproj", "{47ACF717-230D-46A9-8194-CF7B9FCB796A}"
EndProject
Global
	GlobalSection(SolutionConfigurationPlatforms) = preSolution
		Debug|Any CPU = Debug|Any CPU
		Release|Any CPU = Release|Any CPU
	EndGlobalSection
	GlobalSection(ProjectConfigurationPlatforms) = postSolution
		{47ACF717-230D-46A9-8194-CF7B9FCB796A}.Debug|Any CPU.ActiveCfg = Debug|Any CPU
		{47ACF717-230D-46A9-8194-CF7B9FCB796A}.Debug|Any CPU.Build.0 = Debug|Any CPU
		{47ACF717-230D-46A9-8194-CF7B9FCB796A}.Release|Any CPU.ActiveCfg = Release|Any CPU
		{47ACF717-230D-46A9-8194-CF7B9FCB796A}.Release|Any CPU.Build.0 = Release|Any CPU
	EndGlobalSection
	GlobalSection(SolutionProperties) = preSolution
		HideSolutionNode = FALSE
	EndGlobalSection
	GlobalSection(ExtensibilityGlobals) = postSolution
		SolutionGuid = {47D6824F-6280-4B01-B300-437597470B07}
	EndGlobalSection
EndGlobal
